
Microsoft Visual Studio Solution File, Format Version 12.00
# Visual Studio Version 17
VisualStudioVersion = 17.9.34622.214
MinimumVisualStudioVersion = 10.0.40219.1
Project("{FAE04EC0-301F-11D3-BF4B-00C04F79EFBC}") = "TcpChatApplicationServer", "TcpChatApplicationServer\TcpChatApplicationServer.csproj", "{BD70C8CC-BC71-4FCB-AD1E-063A11898068}"
EndProject
Global
	GlobalSection(SolutionConfigurationPlatforms) = preSolution
		Debug|Any CPU = Debug|Any CPU
		Release|Any CPU = Release|Any CPU
	EndGlobalSection
	GlobalSection(ProjectConfigurationPlatforms) = postSolution
		{BD70C8CC-BC71-4FCB-AD1E-063A11898068}.Debug|Any CPU.ActiveCfg = Debug|Any CPU
		{BD70C8CC-BC71-4FCB-AD1E-063A11898068}.Debug|Any CPU.Build.0 = Debug|Any CPU
		{BD70C8CC-BC71-4FCB-AD1E-063A11898068}.Release|Any CPU.ActiveCfg = Release|Any CPU
		{BD70C8CC-BC71-4FCB-AD1E-063A11898068}.Release|Any CPU.Build.0 = Release|Any CPU
	EndGlobalSection
	GlobalSection(SolutionProperties) = preSolution
		HideSolutionNode = FALSE
	EndGlobalSection
	GlobalSection(ExtensibilityGlobals) = postSolution
		SolutionGuid = {03A22A9D-9E51-4317-8344-E78EBC1763D7}
	EndGlobalSection
EndGlobal
