
Microsoft Visual Studio Solution File, Format Version 12.00
# Visual Studio Version 17
VisualStudioVersion = 17.9.34622.214
MinimumVisualStudioVersion = 10.0.40219.1
Project("{FAE04EC0-301F-11D3-BF4B-00C04F79EFBC}") = "CreateTopicsKafkaScripts", "CreateTopicsKafkaScripts\CreateTopicsKafkaScripts.csproj", "{8E9D0CA5-98AB-4993-98C6-C37B64521BAC}"
EndProject
Global
	GlobalSection(SolutionConfigurationPlatforms) = preSolution
		Debug|Any CPU = Debug|Any CPU
		Release|Any CPU = Release|Any CPU
	EndGlobalSection
	GlobalSection(ProjectConfigurationPlatforms) = postSolution
		{8E9D0CA5-98AB-4993-98C6-C37B64521BAC}.Debug|Any CPU.ActiveCfg = Debug|Any CPU
		{8E9D0CA5-98AB-4993-98C6-C37B64521BAC}.Debug|Any CPU.Build.0 = Debug|Any CPU
		{8E9D0CA5-98AB-4993-98C6-C37B64521BAC}.Release|Any CPU.ActiveCfg = Release|Any CPU
		{8E9D0CA5-98AB-4993-98C6-C37B64521BAC}.Release|Any CPU.Build.0 = Release|Any CPU
	EndGlobalSection
	GlobalSection(SolutionProperties) = preSolution
		HideSolutionNode = FALSE
	EndGlobalSection
	GlobalSection(ExtensibilityGlobals) = postSolution
		SolutionGuid = {ECD3A33E-1075-4212-9713-FEDDE7F98D2F}
	EndGlobalSection
EndGlobal
